// !$*UTF8*$!
{
	archiveVersion = 1;
	classes = {
	};
	objectVersion = 46;
	objects = {

/* Begin PBXBuildFile section */
		27D9A5BD19C51B0300FCACF4 /* AppDelegate.swift in Sources */ = {isa = PBXBuildFile; fileRef = 27D9A5BC19C51B0300FCACF4 /* AppDelegate.swift */; };
		27D9A5BF19C51B0300FCACF4 /* ViewController.swift in Sources */ = {isa = PBXBuildFile; fileRef = 27D9A5BE19C51B0300FCACF4 /* ViewController.swift */; };
		27D9A5C219C51B0300FCACF4 /* Main.storyboard in Resources */ = {isa = PBXBuildFile; fileRef = 27D9A5C019C51B0300FCACF4 /* Main.storyboard */; };
		27D9A5C419C51B0300FCACF4 /* Images.xcassets in Resources */ = {isa = PBXBuildFile; fileRef = 27D9A5C319C51B0300FCACF4 /* Images.xcassets */; };
		27D9A5C719C51B0300FCACF4 /* LaunchScreen.xib in Resources */ = {isa = PBXBuildFile; fileRef = 27D9A5C519C51B0300FCACF4 /* LaunchScreen.xib */; };
		27D9A5D319C51B0400FCACF4 /* PostcardTests.swift in Sources */ = {isa = PBXBuildFile; fileRef = 27D9A5D219C51B0400FCACF4 /* PostcardTests.swift */; };
/* End PBXBuildFile section */

/* Begin PBXContainerItemProxy section */
		27D9A5CD19C51B0400FCACF4 /* PBXContainerItemProxy */ = {
			isa = PBXContainerItemProxy;
			containerPortal = 27D9A5AF19C51B0300FCACF4 /* Project object */;
			proxyType = 1;
			remoteGlobalIDString = 27D9A5B619C51B0300FCACF4;
			remoteInfo = Postcard;
		};
/* End PBXContainerItemProxy section */

/* Begin PBXFileReference section */
		27D9A5B719C51B0300FCACF4 /* Postcard.app */ = {isa = PBXFileReference; explicitFileType = wrapper.application; includeInIndex = 0; path = Postcard.app; sourceTree = BUILT_PRODUCTS_DIR; };
		27D9A5BB19C51B0300FCACF4 /* Info.plist */ = {isa = PBXFileReference; lastKnownFileType = text.plist.xml; path = Info.plist; sourceTree = "<group>"; };
		27D9A5BC19C51B0300FCACF4 /* AppDelegate.swift */ = {isa = PBXFileReference; lastKnownFileType = sourcecode.swift; path = AppDelegate.swift; sourceTree = "<group>"; };
		27D9A5BE19C51B0300FCACF4 /* ViewController.swift */ = {isa = PBXFileReference; lastKnownFileType = sourcecode.swift; path = ViewController.swift; sourceTree = "<group>"; };
		27D9A5C119C51B0300FCACF4 /* Base */ = {isa = PBXFileReference; lastKnownFileType = file.storyboard; name = Base; path = Base.lproj/Main.storyboard; sourceTree = "<group>"; };
		27D9A5C319C51B0300FCACF4 /* Images.xcassets */ = {isa = PBXFileReference; lastKnownFileType = folder.assetcatalog; path = Images.xcassets; sourceTree = "<group>"; };
		27D9A5C619C51B0300FCACF4 /* Base */ = {isa = PBXFileReference; lastKnownFileType = file.xib; name = Base; path = Base.lproj/LaunchScreen.xib; sourceTree = "<group>"; };
		27D9A5CC19C51B0400FCACF4 /* PostcardTests.xctest */ = {isa = PBXFileReference; explicitFileType = wrapper.cfbundle; includeInIndex = 0; path = PostcardTests.xctest; sourceTree = BUILT_PRODUCTS_DIR; };
		27D9A5D119C51B0400FCACF4 /* Info.plist */ = {isa = PBXFileReference; lastKnownFileType = text.plist.xml; path = Info.plist; sourceTree = "<group>"; };
		27D9A5D219C51B0400FCACF4 /* PostcardTests.swift */ = {isa = PBXFileReference; lastKnownFileType = sourcecode.swift; path = PostcardTests.swift; sourceTree = "<group>"; };
/* End PBXFileReference section */

/* Begin PBXFrameworksBuildPhase section */
		27D9A5B419C51B0300FCACF4 /* Frameworks */ = {
			isa = PBXFrameworksBuildPhase;
			buildActionMask = 2147483647;
			files = (
			);
			runOnlyForDeploymentPostprocessing = 0;
		};
		27D9A5C919C51B0400FCACF4 /* Frameworks */ = {
			isa = PBXFrameworksBuildPhase;
			buildActionMask = 2147483647;
			files = (
			);
			runOnlyForDeploymentPostprocessing = 0;
		};
/* End PBXFrameworksBuildPhase section */

/* Begin PBXGroup section */
		27D9A5AE19C51B0300FCACF4 = {
			isa = PBXGroup;
			children = (
				27D9A5B919C51B0300FCACF4 /* Postcard */,
				27D9A5CF19C51B0400FCACF4 /* PostcardTests */,
				27D9A5B819C51B0300FCACF4 /* Products */,
			);
			sourceTree = "<group>";
		};
		27D9A5B819C51B0300FCACF4 /* Products */ = {
			isa = PBXGroup;
			children = (
				27D9A5B719C51B0300FCACF4 /* Postcard.app */,
				27D9A5CC19C51B0400FCACF4 /* PostcardTests.xctest */,
			);
			name = Products;
			sourceTree = "<group>";
		};
		27D9A5B919C51B0300FCACF4 /* Postcard */ = {
			isa = PBXGroup;
			children = (
				27D9A5BC19C51B0300FCACF4 /* AppDelegate.swift */,
				27D9A5BE19C51B0300FCACF4 /* ViewController.swift */,
				27D9A5C019C51B0300FCACF4 /* Main.storyboard */,
				27D9A5C319C51B0300FCACF4 /* Images.xcassets */,
				27D9A5C519C51B0300FCACF4 /* LaunchScreen.xib */,
				27D9A5BA19C51B0300FCACF4 /* Supporting Files */,
			);
			path = Postcard;
			sourceTree = "<group>";
		};
		27D9A5BA19C51B0300FCACF4 /* Supporting Files */ = {
			isa = PBXGroup;
			children = (
				27D9A5BB19C51B0300FCACF4 /* Info.plist */,
			);
			name = "Supporting Files";
			sourceTree = "<group>";
		};
		27D9A5CF19C51B0400FCACF4 /* PostcardTests */ = {
			isa = PBXGroup;
			children = (
				27D9A5D219C51B0400FCACF4 /* PostcardTests.swift */,
				27D9A5D019C51B0400FCACF4 /* Supporting Files */,
			);
			path = PostcardTests;
			sourceTree = "<group>";
		};
		27D9A5D019C51B0400FCACF4 /* Supporting Files */ = {
			isa = PBXGroup;
			children = (
				27D9A5D119C51B0400FCACF4 /* Info.plist */,
			);
			name = "Supporting Files";
			sourceTree = "<group>";
		};
/* End PBXGroup section */

/* Begin PBXNativeTarget section */
		27D9A5B619C51B0300FCACF4 /* Postcard */ = {
			isa = PBXNativeTarget;
			buildConfigurationList = 27D9A5D619C51B0400FCACF4 /* Build configuration list for PBXNativeTarget "Postcard" */;
			buildPhases = (
				27D9A5B319C51B0300FCACF4 /* Sources */,
				27D9A5B419C51B0300FCACF4 /* Frameworks */,
				27D9A5B519C51B0300FCACF4 /* Resources */,
			);
			buildRules = (
			);
			dependencies = (
			);
			name = Postcard;
			productName = Postcard;
			productReference = 27D9A5B719C51B0300FCACF4 /* Postcard.app */;
			productType = "com.apple.product-type.application";
		};
		27D9A5CB19C51B0400FCACF4 /* PostcardTests */ = {
			isa = PBXNativeTarget;
			buildConfigurationList = 27D9A5D919C51B0400FCACF4 /* Build configuration list for PBXNativeTarget "PostcardTests" */;
			buildPhases = (
				27D9A5C819C51B0400FCACF4 /* Sources */,
				27D9A5C919C51B0400FCACF4 /* Frameworks */,
				27D9A5CA19C51B0400FCACF4 /* Resources */,
			);
			buildRules = (
			);
			dependencies = (
				27D9A5CE19C51B0400FCACF4 /* PBXTargetDependency */,
			);
			name = PostcardTests;
			productName = PostcardTests;
			productReference = 27D9A5CC19C51B0400FCACF4 /* PostcardTests.xctest */;
			productType = "com.apple.product-type.bundle.unit-test";
		};
/* End PBXNativeTarget section */

/* Begin PBXProject section */
		27D9A5AF19C51B0300FCACF4 /* Project object */ = {
			isa = PBXProject;
			attributes = {
				LastUpgradeCheck = 0600;
				ORGANIZATIONNAME = "Mike Anderson";
				TargetAttributes = {
					27D9A5B619C51B0300FCACF4 = {
						CreatedOnToolsVersion = 6.0;
					};
					27D9A5CB19C51B0400FCACF4 = {
						CreatedOnToolsVersion = 6.0;
						TestTargetID = 27D9A5B619C51B0300FCACF4;
					};
				};
			};
			buildConfigurationList = 27D9A5B219C51B0300FCACF4 /* Build configuration list for PBXProject "Postcard" */;
			compatibilityVersion = "Xcode 3.2";
			developmentRegion = English;
			hasScannedForEncodings = 0;
			knownRegions = (
				en,
				Base,
			);
			mainGroup = 27D9A5AE19C51B0300FCACF4;
			productRefGroup = 27D9A5B819C51B0300FCACF4 /* Products */;
			projectDirPath = "";
			projectRoot = "";
			targets = (
				27D9A5B619C51B0300FCACF4 /* Postcard */,
				27D9A5CB19C51B0400FCACF4 /* PostcardTests */,
			);
		};
/* End PBXProject section */

/* Begin PBXResourcesBuildPhase section */
		27D9A5B519C51B0300FCACF4 /* Resources */ = {
			isa = PBXResourcesBuildPhase;
			buildActionMask = 2147483647;
			files = (
				27D9A5C219C51B0300FCACF4 /* Main.storyboard in Resources */,
				27D9A5C719C51B0300FCACF4 /* LaunchScreen.xib in Resources */,
				27D9A5C419C51B0300FCACF4 /* Images.xcassets in Resources */,
			);
			runOnlyForDeploymentPostprocessing = 0;
		};
		27D9A5CA19C51B0400FCACF4 /* Resources */ = {
			isa = PBXResourcesBuildPhase;
			buildActionMask = 2147483647;
			files = (
			);
			runOnlyForDeploymentPostprocessing = 0;
		};
/* End PBXResourcesBuildPhase section */

/* Begin PBXSourcesBuildPhase section */
		27D9A5B319C51B0300FCACF4 /* Sources */ = {
			isa = PBXSourcesBuildPhase;
			buildActionMask = 2147483647;
			files = (
				27D9A5BF19C51B0300FCACF4 /* ViewController.swift in Sources */,
				27D9A5BD19C51B0300FCACF4 /* AppDelegate.swift in Sources */,
			);
			runOnlyForDeploymentPostprocessing = 0;
		};
		27D9A5C819C51B0400FCACF4 /* Sources */ = {
			isa = PBXSourcesBuildPhase;
			buildActionMask = 2147483647;
			files = (
				27D9A5D319C51B0400FCACF4 /* PostcardTests.swift in Sources */,
			);
			runOnlyForDeploymentPostprocessing = 0;
		};
/* End PBXSourcesBuildPhase section */

/* Begin PBXTargetDependency section */
		27D9A5CE19C51B0400FCACF4 /* PBXTargetDependency */ = {
			isa = PBXTargetDependency;
			target = 27D9A5B619C51B0300FCACF4 /* Postcard */;
			targetProxy = 27D9A5CD19C51B0400FCACF4 /* PBXContainerItemProxy */;
		};
/* End PBXTargetDependency section */

/* Begin PBXVariantGroup section */
		27D9A5C019C51B0300FCACF4 /* Main.storyboard */ = {
			isa = PBXVariantGroup;
			children = (
				27D9A5C119C51B0300FCACF4 /* Base */,
			);
			name = Main.storyboard;
			sourceTree = "<group>";
		};
		27D9A5C519C51B0300FCACF4 /* LaunchScreen.xib */ = {
			isa = PBXVariantGroup;
			children = (
				27D9A5C619C51B0300FCACF4 /* Base */,
			);
			name = LaunchScreen.xib;
			sourceTree = "<group>";
		};
/* End PBXVariantGroup section */

/* Begin XCBuildConfiguration section */
		27D9A5D419C51B0400FCACF4 /* Debug */ = {
			isa = XCBuildConfiguration;
			buildSettings = {
				ALWAYS_SEARCH_USER_PATHS = NO;
				CLANG_CXX_LANGUAGE_STANDARD = "gnu++0x";
				CLANG_CXX_LIBRARY = "libc++";
				CLANG_ENABLE_MODULES = YES;
				CLANG_ENABLE_OBJC_ARC = YES;
				CLANG_WARN_BOOL_CONVERSION = YES;
				CLANG_WARN_CONSTANT_CONVERSION = YES;
				CLANG_WARN_DIRECT_OBJC_ISA_USAGE = YES_ERROR;
				CLANG_WARN_EMPTY_BODY = YES;
				CLANG_WARN_ENUM_CONVERSION = YES;
				CLANG_WARN_INT_CONVERSION = YES;
				CLANG_WARN_OBJC_ROOT_CLASS = YES_ERROR;
				CLANG_WARN_UNREACHABLE_CODE = YES;
				CLANG_WARN__DUPLICATE_METHOD_MATCH = YES;
				"CODE_SIGN_IDENTITY[sdk=iphoneos*]" = "iPhone Developer";
				COPY_PHASE_STRIP = NO;
				ENABLE_STRICT_OBJC_MSGSEND = YES;
				GCC_C_LANGUAGE_STANDARD = gnu99;
				GCC_DYNAMIC_NO_PIC = NO;
				GCC_OPTIMIZATION_LEVEL = 0;
				GCC_PREPROCESSOR_DEFINITIONS = (
					"DEBUG=1",
					"$(inherited)",
				);
				GCC_SYMBOLS_PRIVATE_EXTERN = NO;
				GCC_WARN_64_TO_32_BIT_CONVERSION = YES;
				GCC_WARN_ABOUT_RETURN_TYPE = YES_ERROR;
				GCC_WARN_UNDECLARED_SELECTOR = YES;
				GCC_WARN_UNINITIALIZED_AUTOS = YES_AGGRESSIVE;
				GCC_WARN_UNUSED_FUNCTION = YES;
				GCC_WARN_UNUSED_VARIABLE = YES;
				IPHONEOS_DEPLOYMENT_TARGET = 8.0;
				MTL_ENABLE_DEBUG_INFO = YES;
				ONLY_ACTIVE_ARCH = YES;
				SDKROOT = iphoneos;
				SWIFT_OPTIMIZATION_LEVEL = "-Onone";
			};
			name = Debug;
		};
		27D9A5D519C51B0400FCACF4 /* Release */ = {
			isa = XCBuildConfiguration;
			buildSettings = {
				ALWAYS_SEARCH_USER_PATHS = NO;
				CLANG_CXX_LANGUAGE_STANDARD = "gnu++0x";
				CLANG_CXX_LIBRARY = "libc++";
				CLANG_ENABLE_MODULES = YES;
				CLANG_ENABLE_OBJC_ARC = YES;
				CLANG_WARN_BOOL_CONVERSION = YES;
				CLANG_WARN_CONSTANT_CONVERSION = YES;
				CLANG_WARN_DIRECT_OBJC_ISA_USAGE = YES_ERROR;
				CLANG_WARN_EMPTY_BODY = YES;
				CLANG_WARN_ENUM_CONVERSION = YES;
				CLANG_WARN_INT_CONVERSION = YES;
				CLANG_WARN_OBJC_ROOT_CLASS = YES_ERROR;
				CLANG_WARN_UNREACHABLE_CODE = YES;
				CLANG_WARN__DUPLICATE_METHOD_MATCH = YES;
				"CODE_SIGN_IDENTITY[sdk=iphoneos*]" = "iPhone Developer";
				COPY_PHASE_STRIP = YES;
				ENABLE_NS_ASSERTIONS = NO;
				ENABLE_STRICT_OBJC_MSGSEND = YES;
				GCC_C_LANGUAGE_STANDARD = gnu99;
				GCC_WARN_64_TO_32_BIT_CONVERSION = YES;
				GCC_WARN_ABOUT_RETURN_TYPE = YES_ERROR;
				GCC_WARN_UNDECLARED_SELECTOR = YES;
				GCC_WARN_UNINITIALIZED_AUTOS = YES_AGGRESSIVE;
				GCC_WARN_UNUSED_FUNCTION = YES;
				GCC_WARN_UNUSED_VARIABLE = YES;
				IPHONEOS_DEPLOYMENT_TARGET = 8.0;
				MTL_ENABLE_DEBUG_INFO = NO;
				SDKROOT = iphoneos;
				VALIDATE_PRODUCT = YES;
			};
			name = Release;
		};
		27D9A5D719C51B0400FCACF4 /* Debug */ = {
			isa = XCBuildConfiguration;
			buildSettings = {
				ASSETCATALOG_COMPILER_APPICON_NAME = AppIcon;
				INFOPLIST_FILE = Postcard/Info.plist;
				LD_RUNPATH_SEARCH_PATHS = "$(inherited) @executable_path/Frameworks";
				PRODUCT_NAME = "$(TARGET_NAME)";
			};
			name = Debug;
		};
		27D9A5D819C51B0400FCACF4 /* Release */ = {
			isa = XCBuildConfiguration;
			buildSettings = {
				ASSETCATALOG_COMPILER_APPICON_NAME = AppIcon;
				INFOPLIST_FILE = Postcard/Info.plist;
				LD_RUNPATH_SEARCH_PATHS = "$(inherited) @executable_path/Frameworks";
				PRODUCT_NAME = "$(TARGET_NAME)";
			};
			name = Release;
		};
		27D9A5DA19C51B0400FCACF4 /* Debug */ = {
			isa = XCBuildConfiguration;
			buildSettings = {
				BUNDLE_LOADER = "$(TEST_HOST)";
				FRAMEWORK_SEARCH_PATHS = (
					"$(SDKROOT)/Developer/Library/Frameworks",
					"$(inherited)",
				);
				GCC_PREPROCESSOR_DEFINITIONS = (
					"DEBUG=1",
					"$(inherited)",
				);
				INFOPLIST_FILE = PostcardTests/Info.plist;
				LD_RUNPATH_SEARCH_PATHS = "$(inherited) @executable_path/Frameworks @loader_path/Frameworks";
				PRODUCT_NAME = "$(TARGET_NAME)";
				TEST_HOST = "$(BUILT_PRODUCTS_DIR)/Postcard.app/Postcard";
			};
			name = Debug;
		};
		27D9A5DB19C51B0400FCACF4 /* Release */ = {
			isa = XCBuildConfiguration;
			buildSettings = {
				BUNDLE_LOADER = "$(TEST_HOST)";
				FRAMEWORK_SEARCH_PATHS = (
					"$(SDKROOT)/Developer/Library/Frameworks",
					"$(inherited)",
				);
				INFOPLIST_FILE = PostcardTests/Info.plist;
				LD_RUNPATH_SEARCH_PATHS = "$(inherited) @executable_path/Frameworks @loader_path/Frameworks";
				PRODUCT_NAME = "$(TARGET_NAME)";
				TEST_HOST = "$(BUILT_PRODUCTS_DIR)/Postcard.app/Postcard";
			};
			name = Release;
		};
/* End XCBuildConfiguration section */

/* Begin XCConfigurationList section */
		27D9A5B219C51B0300FCACF4 /* Build configuration list for PBXProject "Postcard" */ = {
			isa = XCConfigurationList;
			buildConfigurations = (
				27D9A5D419C51B0400FCACF4 /* Debug */,
				27D9A5D519C51B0400FCACF4 /* Release */,
			);
			defaultConfigurationIsVisible = 0;
			defaultConfigurationName = Release;
		};
		27D9A5D619C51B0400FCACF4 /* Build configuration list for PBXNativeTarget "Postcard" */ = {
			isa = XCConfigurationList;
			buildConfigurations = (
				27D9A5D719C51B0400FCACF4 /* Debug */,
				27D9A5D819C51B0400FCACF4 /* Release */,
			);
			defaultConfigurationIsVisible = 0;
		};
		27D9A5D919C51B0400FCACF4 /* Build configuration list for PBXNativeTarget "PostcardTests" */ = {
			isa = XCConfigurationList;
			buildConfigurations = (
				27D9A5DA19C51B0400FCACF4 /* Debug */,
				27D9A5DB19C51B0400FCACF4 /* Release */,
			);
			defaultConfigurationIsVisible = 0;
		};
/* End XCConfigurationList section */
	};
	rootObject = 27D9A5AF19C51B0300FCACF4 /* Project object */;
}
